
Microsoft Visual Studio Solution File, Format Version 12.00
# Visual Studio Version 16
VisualStudioVersion = 16.0.29911.84
MinimumVisualStudioVersion = 10.0.40219.1
Project("{9A19103F-16F7-4668-BE54-9A1E7A4F7556}") = "eKino.Model", "eKino.Model\eKino.Model.csproj", "{C52016A8-8FB8-4490-BEC9-782014F0E139}"
EndProject
Project("{2150E333-8FDC-42A3-9474-1A3956D46DE8}") = "UI", "UI", "{B7D72803-5965-4BC9-8D49-605F9A7C15CF}"
EndProject
Project("{9A19103F-16F7-4668-BE54-9A1E7A4F7556}") = "eKino.API", "eKino.API\eKino.API.csproj", "{0EEBEBD1-9CFB-4F34-9FCA-6F96B03EC63F}"
EndProject
Project("{FAE04EC0-301F-11D3-BF4B-00C04F79EFBC}") = "eKino.Desktop", "eKino.Desktop\eKino.Desktop.csproj", "{12C1F16B-4E14-42A9-8D23-D8E2B1486D88}"
EndProject
Project("{2150E333-8FDC-42A3-9474-1A3956D46DE8}") = "Mobile", "Mobile", "{291F71DC-012A-4733-9745-529CC2FB5570}"
EndProject
Project("{FAE04EC0-301F-11D3-BF4B-00C04F79EFBC}") = "eKino.Mobile.UWP", "eKino.Mobile\eKino.Mobile.UWP\eKino.Mobile.UWP.csproj", "{C08BCD7C-23E4-40AA-A184-A263CF84E08B}"
EndProject
Project("{FAE04EC0-301F-11D3-BF4B-00C04F79EFBC}") = "eKino.Mobile.Android", "eKino.Mobile\eKino.Mobile.Android\eKino.Mobile.Android.csproj", "{FC0EA5C8-AC9E-4B4E-8AC6-C8BE0D138E98}"
EndProject
Project("{FAE04EC0-301F-11D3-BF4B-00C04F79EFBC}") = "eKino.Mobile.iOS", "eKino.Mobile\eKino.Mobile.iOS\eKino.Mobile.iOS.csproj", "{4BBCDD73-40DC-44FC-8094-FF39A9E2362E}"
EndProject
Project("{9A19103F-16F7-4668-BE54-9A1E7A4F7556}") = "eKino.Mobile", "eKino.Mobile\eKino.Mobile\eKino.Mobile.csproj", "{67CFA5AA-FF5B-494F-88E7-5DD68FE72A48}"
EndProject
Global
	GlobalSection(SolutionConfigurationPlatforms) = preSolution
		Debug|Any CPU = Debug|Any CPU
		Debug|ARM = Debug|ARM
		Debug|iPhone = Debug|iPhone
		Debug|iPhoneSimulator = Debug|iPhoneSimulator
		Debug|x64 = Debug|x64
		Debug|x86 = Debug|x86
		Release|Any CPU = Release|Any CPU
		Release|ARM = Release|ARM
		Release|iPhone = Release|iPhone
		Release|iPhoneSimulator = Release|iPhoneSimulator
		Release|x64 = Release|x64
		Release|x86 = Release|x86
	EndGlobalSection
	GlobalSection(ProjectConfigurationPlatforms) = postSolution
		{C52016A8-8FB8-4490-BEC9-782014F0E139}.Debug|Any CPU.ActiveCfg = Debug|Any CPU
		{C52016A8-8FB8-4490-BEC9-782014F0E139}.Debug|Any CPU.Build.0 = Debug|Any CPU
		{C52016A8-8FB8-4490-BEC9-782014F0E139}.Debug|ARM.ActiveCfg = Debug|Any CPU
		{C52016A8-8FB8-4490-BEC9-782014F0E139}.Debug|ARM.Build.0 = Debug|Any CPU
		{C52016A8-8FB8-4490-BEC9-782014F0E139}.Debug|iPhone.ActiveCfg = Debug|Any CPU
		{C52016A8-8FB8-4490-BEC9-782014F0E139}.Debug|iPhone.Build.0 = Debug|Any CPU
		{C52016A8-8FB8-4490-BEC9-782014F0E139}.Debug|iPhoneSimulator.ActiveCfg = Debug|Any CPU
		{C52016A8-8FB8-4490-BEC9-782014F0E139}.Debug|iPhoneSimulator.Build.0 = Debug|Any CPU
		{C52016A8-8FB8-4490-BEC9-782014F0E139}.Debug|x64.ActiveCfg = Debug|Any CPU
		{C52016A8-8FB8-4490-BEC9-782014F0E139}.Debug|x64.Build.0 = Debug|Any CPU
		{C52016A8-8FB8-4490-BEC9-782014F0E139}.Debug|x86.ActiveCfg = Debug|Any CPU
		{C52016A8-8FB8-4490-BEC9-782014F0E139}.Debug|x86.Build.0 = Debug|Any CPU
		{C52016A8-8FB8-4490-BEC9-782014F0E139}.Release|Any CPU.ActiveCfg = Release|Any CPU
		{C52016A8-8FB8-4490-BEC9-782014F0E139}.Release|Any CPU.Build.0 = Release|Any CPU
		{C52016A8-8FB8-4490-BEC9-782014F0E139}.Release|ARM.ActiveCfg = Release|Any CPU
		{C52016A8-8FB8-4490-BEC9-782014F0E139}.Release|ARM.Build.0 = Release|Any CPU
		{C52016A8-8FB8-4490-BEC9-782014F0E139}.Release|iPhone.ActiveCfg = Release|Any CPU
		{C52016A8-8FB8-4490-BEC9-782014F0E139}.Release|iPhone.Build.0 = Release|Any CPU
		{C52016A8-8FB8-4490-BEC9-782014F0E139}.Release|iPhoneSimulator.ActiveCfg = Release|Any CPU
		{C52016A8-8FB8-4490-BEC9-782014F0E139}.Release|iPhoneSimulator.Build.0 = Release|Any CPU
		{C52016A8-8FB8-4490-BEC9-782014F0E139}.Release|x64.ActiveCfg = Release|Any CPU
		{C52016A8-8FB8-4490-BEC9-782014F0E139}.Release|x64.Build.0 = Release|Any CPU
		{C52016A8-8FB8-4490-BEC9-782014F0E139}.Release|x86.ActiveCfg = Release|Any CPU
		{C52016A8-8FB8-4490-BEC9-782014F0E139}.Release|x86.Build.0 = Release|Any CPU
		{0EEBEBD1-9CFB-4F34-9FCA-6F96B03EC63F}.Debug|Any CPU.ActiveCfg = Debug|Any CPU
		{0EEBEBD1-9CFB-4F34-9FCA-6F96B03EC63F}.Debug|Any CPU.Build.0 = Debug|Any CPU
		{0EEBEBD1-9CFB-4F34-9FCA-6F96B03EC63F}.Debug|ARM.ActiveCfg = Debug|Any CPU
		{0EEBEBD1-9CFB-4F34-9FCA-6F96B03EC63F}.Debug|ARM.Build.0 = Debug|Any CPU
		{0EEBEBD1-9CFB-4F34-9FCA-6F96B03EC63F}.Debug|iPhone.ActiveCfg = Debug|Any CPU
		{0EEBEBD1-9CFB-4F34-9FCA-6F96B03EC63F}.Debug|iPhone.Build.0 = Debug|Any CPU
		{0EEBEBD1-9CFB-4F34-9FCA-6F96B03EC63F}.Debug|iPhoneSimulator.ActiveCfg = Debug|Any CPU
		{0EEBEBD1-9CFB-4F34-9FCA-6F96B03EC63F}.Debug|iPhoneSimulator.Build.0 = Debug|Any CPU
		{0EEBEBD1-9CFB-4F34-9FCA-6F96B03EC63F}.Debug|x64.ActiveCfg = Debug|Any CPU
		{0EEBEBD1-9CFB-4F34-9FCA-6F96B03EC63F}.Debug|x64.Build.0 = Debug|Any CPU
		{0EEBEBD1-9CFB-4F34-9FCA-6F96B03EC63F}.Debug|x86.ActiveCfg = Debug|Any CPU
		{0EEBEBD1-9CFB-4F34-9FCA-6F96B03EC63F}.Debug|x86.Build.0 = Debug|Any CPU
		{0EEBEBD1-9CFB-4F34-9FCA-6F96B03EC63F}.Release|Any CPU.ActiveCfg = Release|Any CPU
		{0EEBEBD1-9CFB-4F34-9FCA-6F96B03EC63F}.Release|Any CPU.Build.0 = Release|Any CPU
		{0EEBEBD1-9CFB-4F34-9FCA-6F96B03EC63F}.Release|ARM.ActiveCfg = Release|Any CPU
		{0EEBEBD1-9CFB-4F34-9FCA-6F96B03EC63F}.Release|ARM.Build.0 = Release|Any CPU
		{0EEBEBD1-9CFB-4F34-9FCA-6F96B03EC63F}.Release|iPhone.ActiveCfg = Release|Any CPU
		{0EEBEBD1-9CFB-4F34-9FCA-6F96B03EC63F}.Release|iPhone.Build.0 = Release|Any CPU
		{0EEBEBD1-9CFB-4F34-9FCA-6F96B03EC63F}.Release|iPhoneSimulator.ActiveCfg = Release|Any CPU
		{0EEBEBD1-9CFB-4F34-9FCA-6F96B03EC63F}.Release|iPhoneSimulator.Build.0 = Release|Any CPU
		{0EEBEBD1-9CFB-4F34-9FCA-6F96B03EC63F}.Release|x64.ActiveCfg = Release|Any CPU
		{0EEBEBD1-9CFB-4F34-9FCA-6F96B03EC63F}.Release|x64.Build.0 = Release|Any CPU
		{0EEBEBD1-9CFB-4F34-9FCA-6F96B03EC63F}.Release|x86.ActiveCfg = Release|Any CPU
		{0EEBEBD1-9CFB-4F34-9FCA-6F96B03EC63F}.Release|x86.Build.0 = Release|Any CPU
		{12C1F16B-4E14-42A9-8D23-D8E2B1486D88}.Debug|Any CPU.ActiveCfg = Debug|Any CPU
		{12C1F16B-4E14-42A9-8D23-D8E2B1486D88}.Debug|Any CPU.Build.0 = Debug|Any CPU
		{12C1F16B-4E14-42A9-8D23-D8E2B1486D88}.Debug|ARM.ActiveCfg = Debug|Any CPU
		{12C1F16B-4E14-42A9-8D23-D8E2B1486D88}.Debug|ARM.Build.0 = Debug|Any CPU
		{12C1F16B-4E14-42A9-8D23-D8E2B1486D88}.Debug|iPhone.ActiveCfg = Debug|Any CPU
		{12C1F16B-4E14-42A9-8D23-D8E2B1486D88}.Debug|iPhone.Build.0 = Debug|Any CPU
		{12C1F16B-4E14-42A9-8D23-D8E2B1486D88}.Debug|iPhoneSimulator.ActiveCfg = Debug|Any CPU
		{12C1F16B-4E14-42A9-8D23-D8E2B1486D88}.Debug|iPhoneSimulator.Build.0 = Debug|Any CPU
		{12C1F16B-4E14-42A9-8D23-D8E2B1486D88}.Debug|x64.ActiveCfg = Debug|Any CPU
		{12C1F16B-4E14-42A9-8D23-D8E2B1486D88}.Debug|x64.Build.0 = Debug|Any CPU
		{12C1F16B-4E14-42A9-8D23-D8E2B1486D88}.Debug|x86.ActiveCfg = Debug|Any CPU
		{12C1F16B-4E14-42A9-8D23-D8E2B1486D88}.Debug|x86.Build.0 = Debug|Any CPU
		{12C1F16B-4E14-42A9-8D23-D8E2B1486D88}.Release|Any CPU.ActiveCfg = Release|Any CPU
		{12C1F16B-4E14-42A9-8D23-D8E2B1486D88}.Release|Any CPU.Build.0 = Release|Any CPU
		{12C1F16B-4E14-42A9-8D23-D8E2B1486D88}.Release|ARM.ActiveCfg = Release|Any CPU
		{12C1F16B-4E14-42A9-8D23-D8E2B1486D88}.Release|ARM.Build.0 = Release|Any CPU
		{12C1F16B-4E14-42A9-8D23-D8E2B1486D88}.Release|iPhone.ActiveCfg = Release|Any CPU
		{12C1F16B-4E14-42A9-8D23-D8E2B1486D88}.Release|iPhone.Build.0 = Release|Any CPU
		{12C1F16B-4E14-42A9-8D23-D8E2B1486D88}.Release|iPhoneSimulator.ActiveCfg = Release|Any CPU
		{12C1F16B-4E14-42A9-8D23-D8E2B1486D88}.Release|iPhoneSimulator.Build.0 = Release|Any CPU
		{12C1F16B-4E14-42A9-8D23-D8E2B1486D88}.Release|x64.ActiveCfg = Release|Any CPU
		{12C1F16B-4E14-42A9-8D23-D8E2B1486D88}.Release|x64.Build.0 = Release|Any CPU
		{12C1F16B-4E14-42A9-8D23-D8E2B1486D88}.Release|x86.ActiveCfg = Release|Any CPU
		{12C1F16B-4E14-42A9-8D23-D8E2B1486D88}.Release|x86.Build.0 = Release|Any CPU
		{C08BCD7C-23E4-40AA-A184-A263CF84E08B}.Debug|Any CPU.ActiveCfg = Debug|x64
		{C08BCD7C-23E4-40AA-A184-A263CF84E08B}.Debug|Any CPU.Build.0 = Debug|x64
		{C08BCD7C-23E4-40AA-A184-A263CF84E08B}.Debug|Any CPU.Deploy.0 = Debug|x64
		{C08BCD7C-23E4-40AA-A184-A263CF84E08B}.Debug|ARM.ActiveCfg = Debug|ARM
		{C08BCD7C-23E4-40AA-A184-A263CF84E08B}.Debug|ARM.Build.0 = Debug|ARM
		{C08BCD7C-23E4-40AA-A184-A263CF84E08B}.Debug|ARM.Deploy.0 = Debug|ARM
		{C08BCD7C-23E4-40AA-A184-A263CF84E08B}.Debug|iPhone.ActiveCfg = Debug|x86
		{C08BCD7C-23E4-40AA-A184-A263CF84E08B}.Debug|iPhoneSimulator.ActiveCfg = Debug|x86
		{C08BCD7C-23E4-40AA-A184-A263CF84E08B}.Debug|x64.ActiveCfg = Debug|x64
		{C08BCD7C-23E4-40AA-A184-A263CF84E08B}.Debug|x64.Build.0 = Debug|x64
		{C08BCD7C-23E4-40AA-A184-A263CF84E08B}.Debug|x64.Deploy.0 = Debug|x64
		{C08BCD7C-23E4-40AA-A184-A263CF84E08B}.Debug|x86.ActiveCfg = Debug|x86
		{C08BCD7C-23E4-40AA-A184-A263CF84E08B}.Debug|x86.Build.0 = Debug|x86
		{C08BCD7C-23E4-40AA-A184-A263CF84E08B}.Debug|x86.Deploy.0 = Debug|x86
		{C08BCD7C-23E4-40AA-A184-A263CF84E08B}.Release|Any CPU.ActiveCfg = Release|x86
		{C08BCD7C-23E4-40AA-A184-A263CF84E08B}.Release|ARM.ActiveCfg = Release|ARM
		{C08BCD7C-23E4-40AA-A184-A263CF84E08B}.Release|ARM.Build.0 = Release|ARM
		{C08BCD7C-23E4-40AA-A184-A263CF84E08B}.Release|ARM.Deploy.0 = Release|ARM
		{C08BCD7C-23E4-40AA-A184-A263CF84E08B}.Release|iPhone.ActiveCfg = Release|x86
		{C08BCD7C-23E4-40AA-A184-A263CF84E08B}.Release|iPhoneSimulator.ActiveCfg = Release|x86
		{C08BCD7C-23E4-40AA-A184-A263CF84E08B}.Release|x64.ActiveCfg = Release|x64
		{C08BCD7C-23E4-40AA-A184-A263CF84E08B}.Release|x64.Build.0 = Release|x64
		{C08BCD7C-23E4-40AA-A184-A263CF84E08B}.Release|x64.Deploy.0 = Release|x64
		{C08BCD7C-23E4-40AA-A184-A263CF84E08B}.Release|x86.ActiveCfg = Release|x86
		{C08BCD7C-23E4-40AA-A184-A263CF84E08B}.Release|x86.Build.0 = Release|x86
		{C08BCD7C-23E4-40AA-A184-A263CF84E08B}.Release|x86.Deploy.0 = Release|x86
		{FC0EA5C8-AC9E-4B4E-8AC6-C8BE0D138E98}.Debug|Any CPU.ActiveCfg = Debug|Any CPU
		{FC0EA5C8-AC9E-4B4E-8AC6-C8BE0D138E98}.Debug|Any CPU.Build.0 = Debug|Any CPU
		{FC0EA5C8-AC9E-4B4E-8AC6-C8BE0D138E98}.Debug|Any CPU.Deploy.0 = Debug|Any CPU
		{FC0EA5C8-AC9E-4B4E-8AC6-C8BE0D138E98}.Debug|ARM.ActiveCfg = Debug|Any CPU
		{FC0EA5C8-AC9E-4B4E-8AC6-C8BE0D138E98}.Debug|ARM.Build.0 = Debug|Any CPU
		{FC0EA5C8-AC9E-4B4E-8AC6-C8BE0D138E98}.Debug|ARM.Deploy.0 = Debug|Any CPU
		{FC0EA5C8-AC9E-4B4E-8AC6-C8BE0D138E98}.Debug|iPhone.ActiveCfg = Debug|Any CPU
		{FC0EA5C8-AC9E-4B4E-8AC6-C8BE0D138E98}.Debug|iPhone.Build.0 = Debug|Any CPU
		{FC0EA5C8-AC9E-4B4E-8AC6-C8BE0D138E98}.Debug|iPhone.Deploy.0 = Debug|Any CPU
		{FC0EA5C8-AC9E-4B4E-8AC6-C8BE0D138E98}.Debug|iPhoneSimulator.ActiveCfg = Debug|Any CPU
		{FC0EA5C8-AC9E-4B4E-8AC6-C8BE0D138E98}.Debug|iPhoneSimulator.Build.0 = Debug|Any CPU
		{FC0EA5C8-AC9E-4B4E-8AC6-C8BE0D138E98}.Debug|iPhoneSimulator.Deploy.0 = Debug|Any CPU
		{FC0EA5C8-AC9E-4B4E-8AC6-C8BE0D138E98}.Debug|x64.ActiveCfg = Debug|Any CPU
		{FC0EA5C8-AC9E-4B4E-8AC6-C8BE0D138E98}.Debug|x64.Build.0 = Debug|Any CPU
		{FC0EA5C8-AC9E-4B4E-8AC6-C8BE0D138E98}.Debug|x64.Deploy.0 = Debug|Any CPU
		{FC0EA5C8-AC9E-4B4E-8AC6-C8BE0D138E98}.Debug|x86.ActiveCfg = Debug|Any CPU
		{FC0EA5C8-AC9E-4B4E-8AC6-C8BE0D138E98}.Debug|x86.Build.0 = Debug|Any CPU
		{FC0EA5C8-AC9E-4B4E-8AC6-C8BE0D138E98}.Debug|x86.Deploy.0 = Debug|Any CPU
		{FC0EA5C8-AC9E-4B4E-8AC6-C8BE0D138E98}.Release|Any CPU.ActiveCfg = Release|Any CPU
		{FC0EA5C8-AC9E-4B4E-8AC6-C8BE0D138E98}.Release|Any CPU.Build.0 = Release|Any CPU
		{FC0EA5C8-AC9E-4B4E-8AC6-C8BE0D138E98}.Release|Any CPU.Deploy.0 = Release|Any CPU
		{FC0EA5C8-AC9E-4B4E-8AC6-C8BE0D138E98}.Release|ARM.ActiveCfg = Release|Any CPU
		{FC0EA5C8-AC9E-4B4E-8AC6-C8BE0D138E98}.Release|ARM.Build.0 = Release|Any CPU
		{FC0EA5C8-AC9E-4B4E-8AC6-C8BE0D138E98}.Release|ARM.Deploy.0 = Release|Any CPU
		{FC0EA5C8-AC9E-4B4E-8AC6-C8BE0D138E98}.Release|iPhone.ActiveCfg = Release|Any CPU
		{FC0EA5C8-AC9E-4B4E-8AC6-C8BE0D138E98}.Release|iPhone.Build.0 = Release|Any CPU
		{FC0EA5C8-AC9E-4B4E-8AC6-C8BE0D138E98}.Release|iPhone.Deploy.0 = Release|Any CPU
		{FC0EA5C8-AC9E-4B4E-8AC6-C8BE0D138E98}.Release|iPhoneSimulator.ActiveCfg = Release|Any CPU
		{FC0EA5C8-AC9E-4B4E-8AC6-C8BE0D138E98}.Release|iPhoneSimulator.Build.0 = Release|Any CPU
		{FC0EA5C8-AC9E-4B4E-8AC6-C8BE0D138E98}.Release|iPhoneSimulator.Deploy.0 = Release|Any CPU
		{FC0EA5C8-AC9E-4B4E-8AC6-C8BE0D138E98}.Release|x64.ActiveCfg = Release|Any CPU
		{FC0EA5C8-AC9E-4B4E-8AC6-C8BE0D138E98}.Release|x64.Build.0 = Release|Any CPU
		{FC0EA5C8-AC9E-4B4E-8AC6-C8BE0D138E98}.Release|x64.Deploy.0 = Release|Any CPU
		{FC0EA5C8-AC9E-4B4E-8AC6-C8BE0D138E98}.Release|x86.ActiveCfg = Release|Any CPU
		{FC0EA5C8-AC9E-4B4E-8AC6-C8BE0D138E98}.Release|x86.Build.0 = Release|Any CPU
		{FC0EA5C8-AC9E-4B4E-8AC6-C8BE0D138E98}.Release|x86.Deploy.0 = Release|Any CPU
		{4BBCDD73-40DC-44FC-8094-FF39A9E2362E}.Debug|Any CPU.ActiveCfg = Debug|iPhone
		{4BBCDD73-40DC-44FC-8094-FF39A9E2362E}.Debug|ARM.ActiveCfg = Debug|iPhone
		{4BBCDD73-40DC-44FC-8094-FF39A9E2362E}.Debug|iPhone.ActiveCfg = Debug|iPhone
		{4BBCDD73-40DC-44FC-8094-FF39A9E2362E}.Debug|iPhone.Build.0 = Debug|iPhone
		{4BBCDD73-40DC-44FC-8094-FF39A9E2362E}.Debug|iPhoneSimulator.ActiveCfg = Debug|iPhoneSimulator
		{4BBCDD73-40DC-44FC-8094-FF39A9E2362E}.Debug|iPhoneSimulator.Build.0 = Debug|iPhoneSimulator
		{4BBCDD73-40DC-44FC-8094-FF39A9E2362E}.Debug|x64.ActiveCfg = Debug|iPhone
		{4BBCDD73-40DC-44FC-8094-FF39A9E2362E}.Debug|x86.ActiveCfg = Debug|iPhone
		{4BBCDD73-40DC-44FC-8094-FF39A9E2362E}.Release|Any CPU.ActiveCfg = Release|iPhone
		{4BBCDD73-40DC-44FC-8094-FF39A9E2362E}.Release|ARM.ActiveCfg = Release|iPhone
		{4BBCDD73-40DC-44FC-8094-FF39A9E2362E}.Release|iPhone.ActiveCfg = Release|iPhone
		{4BBCDD73-40DC-44FC-8094-FF39A9E2362E}.Release|iPhone.Build.0 = Release|iPhone
		{4BBCDD73-40DC-44FC-8094-FF39A9E2362E}.Release|iPhoneSimulator.ActiveCfg = Release|iPhoneSimulator
		{4BBCDD73-40DC-44FC-8094-FF39A9E2362E}.Release|iPhoneSimulator.Build.0 = Release|iPhoneSimulator
		{4BBCDD73-40DC-44FC-8094-FF39A9E2362E}.Release|x64.ActiveCfg = Release|iPhone
		{4BBCDD73-40DC-44FC-8094-FF39A9E2362E}.Release|x86.ActiveCfg = Release|iPhone
		{67CFA5AA-FF5B-494F-88E7-5DD68FE72A48}.Debug|Any CPU.ActiveCfg = Debug|Any CPU
		{67CFA5AA-FF5B-494F-88E7-5DD68FE72A48}.Debug|Any CPU.Build.0 = Debug|Any CPU
		{67CFA5AA-FF5B-494F-88E7-5DD68FE72A48}.Debug|ARM.ActiveCfg = Debug|Any CPU
		{67CFA5AA-FF5B-494F-88E7-5DD68FE72A48}.Debug|ARM.Build.0 = Debug|Any CPU
		{67CFA5AA-FF5B-494F-88E7-5DD68FE72A48}.Debug|iPhone.ActiveCfg = Debug|Any CPU
		{67CFA5AA-FF5B-494F-88E7-5DD68FE72A48}.Debug|iPhone.Build.0 = Debug|Any CPU
		{67CFA5AA-FF5B-494F-88E7-5DD68FE72A48}.Debug|iPhoneSimulator.ActiveCfg = Debug|Any CPU
		{67CFA5AA-FF5B-494F-88E7-5DD68FE72A48}.Debug|iPhoneSimulator.Build.0 = Debug|Any CPU
		{67CFA5AA-FF5B-494F-88E7-5DD68FE72A48}.Debug|x64.ActiveCfg = Debug|Any CPU
		{67CFA5AA-FF5B-494F-88E7-5DD68FE72A48}.Debug|x64.Build.0 = Debug|Any CPU
		{67CFA5AA-FF5B-494F-88E7-5DD68FE72A48}.Debug|x86.ActiveCfg = Debug|Any CPU
		{67CFA5AA-FF5B-494F-88E7-5DD68FE72A48}.Debug|x86.Build.0 = Debug|Any CPU
		{67CFA5AA-FF5B-494F-88E7-5DD68FE72A48}.Release|Any CPU.ActiveCfg = Release|Any CPU
		{67CFA5AA-FF5B-494F-88E7-5DD68FE72A48}.Release|Any CPU.Build.0 = Release|Any CPU
		{67CFA5AA-FF5B-494F-88E7-5DD68FE72A48}.Release|ARM.ActiveCfg = Release|Any CPU
		{67CFA5AA-FF5B-494F-88E7-5DD68FE72A48}.Release|ARM.Build.0 = Release|Any CPU
		{67CFA5AA-FF5B-494F-88E7-5DD68FE72A48}.Release|iPhone.ActiveCfg = Release|Any CPU
		{67CFA5AA-FF5B-494F-88E7-5DD68FE72A48}.Release|iPhone.Build.0 = Release|Any CPU
		{67CFA5AA-FF5B-494F-88E7-5DD68FE72A48}.Release|iPhoneSimulator.ActiveCfg = Release|Any CPU
		{67CFA5AA-FF5B-494F-88E7-5DD68FE72A48}.Release|iPhoneSimulator.Build.0 = Release|Any CPU
		{67CFA5AA-FF5B-494F-88E7-5DD68FE72A48}.Release|x64.ActiveCfg = Release|Any CPU
		{67CFA5AA-FF5B-494F-88E7-5DD68FE72A48}.Release|x64.Build.0 = Release|Any CPU
		{67CFA5AA-FF5B-494F-88E7-5DD68FE72A48}.Release|x86.ActiveCfg = Release|Any CPU
		{67CFA5AA-FF5B-494F-88E7-5DD68FE72A48}.Release|x86.Build.0 = Release|Any CPU
	EndGlobalSection
	GlobalSection(SolutionProperties) = preSolution
		HideSolutionNode = FALSE
	EndGlobalSection
	GlobalSection(NestedProjects) = preSolution
		{12C1F16B-4E14-42A9-8D23-D8E2B1486D88} = {B7D72803-5965-4BC9-8D49-605F9A7C15CF}
		{291F71DC-012A-4733-9745-529CC2FB5570} = {B7D72803-5965-4BC9-8D49-605F9A7C15CF}
		{C08BCD7C-23E4-40AA-A184-A263CF84E08B} = {291F71DC-012A-4733-9745-529CC2FB5570}
		{FC0EA5C8-AC9E-4B4E-8AC6-C8BE0D138E98} = {291F71DC-012A-4733-9745-529CC2FB5570}
		{4BBCDD73-40DC-44FC-8094-FF39A9E2362E} = {291F71DC-012A-4733-9745-529CC2FB5570}
		{67CFA5AA-FF5B-494F-88E7-5DD68FE72A48} = {291F71DC-012A-4733-9745-529CC2FB5570}
	EndGlobalSection
	GlobalSection(ExtensibilityGlobals) = postSolution
		SolutionGuid = {A1124ED1-7168-4D04-AF4B-6F70C804BF9B}
	EndGlobalSection
EndGlobal
